
Microsoft Visual Studio Solution File, Format Version 12.00
# Visual Studio Version 16
VisualStudioVersion = 16.0.30907.101
MinimumVisualStudioVersion = 10.0.40219.1
Project("{FAE04EC0-301F-11D3-BF4B-00C04F79EFBC}") = "Project1_Group_17", "Project1_Group_17.csproj", "{32258790-468E-43E1-BB08-359B160E8F34}"
EndProject
Global
	GlobalSection(SolutionConfigurationPlatforms) = preSolution
		Debug|Any CPU = Debug|Any CPU
		Release|Any CPU = Release|Any CPU
	EndGlobalSection
	GlobalSection(ProjectConfigurationPlatforms) = postSolution
		{32258790-468E-43E1-BB08-359B160E8F34}.Debug|Any CPU.ActiveCfg = Debug|Any CPU
		{32258790-468E-43E1-BB08-359B160E8F34}.Debug|Any CPU.Build.0 = Debug|Any CPU
		{32258790-468E-43E1-BB08-359B160E8F34}.Release|Any CPU.ActiveCfg = Release|Any CPU
		{32258790-468E-43E1-BB08-359B160E8F34}.Release|Any CPU.Build.0 = Release|Any CPU
	EndGlobalSection
	GlobalSection(SolutionProperties) = preSolution
		HideSolutionNode = FALSE
	EndGlobalSection
	GlobalSection(ExtensibilityGlobals) = postSolution
		SolutionGuid = {99682530-EAEF-4981-AD18-B8DD3994A576}
	EndGlobalSection
EndGlobal
